// !$*UTF8*$!
{
	archiveVersion = 1;
	classes = {
	};
	objectVersion = 71;
	objects = {

/* Begin PBXContainerItemProxy section */
		AA000000TESTTGTPROXY /* PBXContainerItemProxy */ = {
			isa = PBXContainerItemProxy;
			containerPortal = AA0000000000000PROJECT /* Project object */;
			proxyType = 1;
			remoteGlobalIDString = AA0000000000000APPTGT;
			remoteInfo = Alsi;
		};
/* End PBXContainerItemProxy section */

/* Begin PBXFileReference section */
		AA0000000000000000000APP /* Alsi.app */ = {isa = PBXFileReference; explicitFileType = wrapper.application; includeInIndex = 0; path = Alsi.app; sourceTree = BUILT_PRODUCTS_DIR; };
		AA0000000000000000TESTS /* AlsiTests.xctest */ = {isa = PBXFileReference; explicitFileType = wrapper.cfbundle; includeInIndex = 0; path = AlsiTests.xctest; sourceTree = BUILT_PRODUCTS_DIR; };
/* End PBXFileReference section */

/* Begin PBXFileSystemSynchronizedRootGroup section */
		AA000000000000000SRCGRP /* Alsi */ = {isa = PBXFileSystemSynchronizedRootGroup; explicitFileTypes = {}; explicitFolders = (); path = Alsi; sourceTree = "<group>"; };
		AA00000000000000TESTGRP /* AlsiTests */ = {isa = PBXFileSystemSynchronizedRootGroup; explicitFileTypes = {}; explicitFolders = (); path = AlsiTests; sourceTree = "<group>"; };
/* End PBXFileSystemSynchronizedRootGroup section */

/* Begin PBXFrameworksBuildPhase section */
		AA00000000000000APPFRM /* Frameworks */ = {
			isa = PBXFrameworksBuildPhase;
			buildActionMask = 2147483647;
			files = (
			);
			runOnlyForDeploymentPostprocessing = 0;
		};
		AA0000000000000TESTFRM /* Frameworks */ = {
			isa = PBXFrameworksBuildPhase;
			buildActionMask = 2147483647;
			files = (
			);
			runOnlyForDeploymentPostprocessing = 0;
		};
/* End PBXFrameworksBuildPhase section */

/* Begin PBXGroup section */
		AA0000000000000MAINGRP = {
			isa = PBXGroup;
			children = (
				AA000000000000000SRCGRP /* Alsi */,
				AA00000000000000TESTGRP /* AlsiTests */,
				AA0000000000000PRODGRP /* Products */,
			);
			sourceTree = "<group>";
		};
		AA0000000000000PRODGRP /* Products */ = {
			isa = PBXGroup;
			children = (
				AA0000000000000000000APP /* Alsi.app */,
				AA0000000000000000TESTS /* AlsiTests.xctest */,
			);
			name = Products;
			sourceTree = "<group>";
		};
/* End PBXGroup section */

/* Begin PBXNativeTarget section */
		AA0000000000000APPTGT /* Alsi */ = {
			isa = PBXNativeTarget;
			buildConfigurationList = AA000000000APPCFGLIST /* Build configuration list for PBXNativeTarget "Alsi" */;
			buildPhases = (
				AA00000000000APPSRC /* Sources */,
				AA00000000000000APPFRM /* Frameworks */,
				AA00000000000APPRES /* Resources */,
			);
			buildRules = (
			);
			dependencies = (
			);
			fileSystemSynchronizedGroups = (
				AA000000000000000SRCGRP /* Alsi */,
			);
			name = Alsi;
			productName = Alsi;
			productReference = AA0000000000000000000APP /* Alsi.app */;
			productType = "com.apple.product-type.application";
		};
		AA000000000000TESTTGT /* AlsiTests */ = {
			isa = PBXNativeTarget;
			buildConfigurationList = AA00000000TESTCFGLIST /* Build configuration list for PBXNativeTarget "AlsiTests" */;
			buildPhases = (
				AA0000000000TESTSRC /* Sources */,
				AA0000000000000TESTFRM /* Frameworks */,
			);
			buildRules = (
			);
			dependencies = (
				AA00000000TESTTGTDEP /* PBXTargetDependency */,
			);
			fileSystemSynchronizedGroups = (
				AA00000000000000TESTGRP /* AlsiTests */,
			);
			name = AlsiTests;
			productName = AlsiTests;
			productReference = AA0000000000000000TESTS /* AlsiTests.xctest */;
			productType = "com.apple.product-type.bundle.unit-test";
		};
/* End PBXNativeTarget section */

/* Begin PBXProject section */
		AA0000000000000PROJECT /* Project object */ = {
			isa = PBXProject;
			attributes = {
				BuildIndependentTargetsInParallel = 1;
				LastSwiftUpdateCheck = 2700;
				LastUpgradeCheck = 2700;
				TargetAttributes = {
					AA0000000000000APPTGT = {
						CreatedOnToolsVersion = 27.0;
					};
					AA000000000000TESTTGT = {
						CreatedOnToolsVersion = 27.0;
						TestTargetID = AA0000000000000APPTGT;
					};
				};
			};
			buildConfigurationList = AA00000000PROJCFGLIST /* Build configuration list for PBXProject "Alsi" */;
			compatibilityVersion = "Xcode 16.0";
			developmentRegion = en;
			hasScannedForEncodings = 0;
			knownRegions = (
				en,
				Base,
			);
			mainGroup = AA0000000000000MAINGRP;
			productRefGroup = AA0000000000000PRODGRP /* Products */;
			projectDirPath = "";
			projectRoot = "";
			targets = (
				AA0000000000000APPTGT /* Alsi */,
				AA000000000000TESTTGT /* AlsiTests */,
			);
		};
/* End PBXProject section */

/* Begin PBXResourcesBuildPhase section */
		AA00000000000APPRES /* Resources */ = {
			isa = PBXResourcesBuildPhase;
			buildActionMask = 2147483647;
			files = (
			);
			runOnlyForDeploymentPostprocessing = 0;
		};
/* End PBXResourcesBuildPhase section */

/* Begin PBXSourcesBuildPhase section */
		AA00000000000APPSRC /* Sources */ = {
			isa = PBXSourcesBuildPhase;
			buildActionMask = 2147483647;
			files = (
			);
			runOnlyForDeploymentPostprocessing = 0;
		};
		AA0000000000TESTSRC /* Sources */ = {
			isa = PBXSourcesBuildPhase;
			buildActionMask = 2147483647;
			files = (
			);
			runOnlyForDeploymentPostprocessing = 0;
		};
/* End PBXSourcesBuildPhase section */

/* Begin PBXTargetDependency section */
		AA00000000TESTTGTDEP /* PBXTargetDependency */ = {
			isa = PBXTargetDependency;
			target = AA0000000000000APPTGT /* Alsi */;
			targetProxy = AA000000TESTTGTPROXY /* PBXContainerItemProxy */;
		};
/* End PBXTargetDependency section */

/* Begin XCBuildConfiguration section */
		AA00000000000APPDEBUG /* Debug */ = {
			isa = XCBuildConfiguration;
			buildSettings = {
				ASSETCATALOG_COMPILER_APPICON_NAME = AppIcon;
				ASSETCATALOG_COMPILER_GLOBAL_ACCENT_COLOR_NAME = AccentColor;
				CODE_SIGN_STYLE = Automatic;
				CURRENT_PROJECT_VERSION = 1;
				DEVELOPMENT_TEAM = PHFH86446U;
				ENABLE_PREVIEWS = YES;
				GENERATE_INFOPLIST_FILE = YES;
				INFOPLIST_KEY_UILaunchScreen_Generation = YES;
				INFOPLIST_KEY_UISupportedInterfaceOrientations = "UIInterfaceOrientationPortrait UIInterfaceOrientationLandscapeLeft UIInterfaceOrientationLandscapeRight";
				MARKETING_VERSION = 1.0;
				PRODUCT_BUNDLE_IDENTIFIER = com.alsi.app;
				PRODUCT_NAME = "$(TARGET_NAME)";
				SWIFT_EMIT_LOC_STRINGS = YES;
				SWIFT_VERSION = 6.0;
				TARGETED_DEVICE_FAMILY = "1,2";
			};
			name = Debug;
		};
		AA0000000000APPRELEASE /* Release */ = {
			isa = XCBuildConfiguration;
			buildSettings = {
				ASSETCATALOG_COMPILER_APPICON_NAME = AppIcon;
				ASSETCATALOG_COMPILER_GLOBAL_ACCENT_COLOR_NAME = AccentColor;
				CODE_SIGN_STYLE = Automatic;
				CURRENT_PROJECT_VERSION = 1;
				DEVELOPMENT_TEAM = PHFH86446U;
				ENABLE_PREVIEWS = YES;
				GENERATE_INFOPLIST_FILE = YES;
				INFOPLIST_KEY_UILaunchScreen_Generation = YES;
				INFOPLIST_KEY_UISupportedInterfaceOrientations = "UIInterfaceOrientationPortrait UIInterfaceOrientationLandscapeLeft UIInterfaceOrientationLandscapeRight";
				MARKETING_VERSION = 1.0;
				PRODUCT_BUNDLE_IDENTIFIER = com.alsi.app;
				PRODUCT_NAME = "$(TARGET_NAME)";
				SWIFT_EMIT_LOC_STRINGS = YES;
				SWIFT_VERSION = 6.0;
				TARGETED_DEVICE_FAMILY = "1,2";
			};
			name = Release;
		};
		AA0000000000PROJDEBUG /* Debug */ = {
			isa = XCBuildConfiguration;
			buildSettings = {
				ALWAYS_SEARCH_USER_PATHS = NO;
				CLANG_ENABLE_MODULES = YES;
				ENABLE_STRICT_OBJC_MSGSEND = YES;
				ENABLE_TESTABILITY = YES;
				GCC_C_LANGUAGE_STANDARD = gnu17;
				IPHONEOS_DEPLOYMENT_TARGET = 26.0;
				SDKROOT = iphoneos;
				SWIFT_ACTIVE_COMPILATION_CONDITIONS = "DEBUG $(inherited)";
				SWIFT_OPTIMIZATION_LEVEL = "-Onone";
				SWIFT_VERSION = 6.0;
			};
			name = Debug;
		};
		AA000000000PROJRELEASE /* Release */ = {
			isa = XCBuildConfiguration;
			buildSettings = {
				ALWAYS_SEARCH_USER_PATHS = NO;
				CLANG_ENABLE_MODULES = YES;
				ENABLE_STRICT_OBJC_MSGSEND = YES;
				GCC_C_LANGUAGE_STANDARD = gnu17;
				IPHONEOS_DEPLOYMENT_TARGET = 26.0;
				SDKROOT = iphoneos;
				SWIFT_COMPILATION_MODE = wholemodule;
				SWIFT_VERSION = 6.0;
				VALIDATE_PRODUCT = YES;
			};
			name = Release;
		};
		AA000000000TESTDEBUG /* Debug */ = {
			isa = XCBuildConfiguration;
			buildSettings = {
				BUNDLE_LOADER = "$(TEST_HOST)";
				GENERATE_INFOPLIST_FILE = YES;
				IPHONEOS_DEPLOYMENT_TARGET = 26.0;
				PRODUCT_BUNDLE_IDENTIFIER = com.alsi.app.tests;
				PRODUCT_NAME = "$(TARGET_NAME)";
				SWIFT_VERSION = 6.0;
				TARGETED_DEVICE_FAMILY = "1,2";
				TEST_HOST = "$(BUILT_PRODUCTS_DIR)/Alsi.app/$(BUNDLE_EXECUTABLE_FOLDER_PATH)/Alsi";
			};
			name = Debug;
		};
		AA00000000TESTRELEASE /* Release */ = {
			isa = XCBuildConfiguration;
			buildSettings = {
				BUNDLE_LOADER = "$(TEST_HOST)";
				GENERATE_INFOPLIST_FILE = YES;
				IPHONEOS_DEPLOYMENT_TARGET = 26.0;
				PRODUCT_BUNDLE_IDENTIFIER = com.alsi.app.tests;
				PRODUCT_NAME = "$(TARGET_NAME)";
				SWIFT_VERSION = 6.0;
				TARGETED_DEVICE_FAMILY = "1,2";
				TEST_HOST = "$(BUILT_PRODUCTS_DIR)/Alsi.app/$(BUNDLE_EXECUTABLE_FOLDER_PATH)/Alsi";
			};
			name = Release;
		};
/* End XCBuildConfiguration section */

/* Begin XCConfigurationList section */
		AA000000000APPCFGLIST /* Build configuration list for PBXNativeTarget "Alsi" */ = {
			isa = XCConfigurationList;
			buildConfigurations = (
				AA00000000000APPDEBUG /* Debug */,
				AA0000000000APPRELEASE /* Release */,
			);
			defaultConfigurationIsVisible = 0;
			defaultConfigurationName = Release;
		};
		AA00000000PROJCFGLIST /* Build configuration list for PBXProject "Alsi" */ = {
			isa = XCConfigurationList;
			buildConfigurations = (
				AA0000000000PROJDEBUG /* Debug */,
				AA000000000PROJRELEASE /* Release */,
			);
			defaultConfigurationIsVisible = 0;
			defaultConfigurationName = Release;
		};
		AA00000000TESTCFGLIST /* Build configuration list for PBXNativeTarget "AlsiTests" */ = {
			isa = XCConfigurationList;
			buildConfigurations = (
				AA000000000TESTDEBUG /* Debug */,
				AA00000000TESTRELEASE /* Release */,
			);
			defaultConfigurationIsVisible = 0;
			defaultConfigurationName = Release;
		};
/* End XCConfigurationList section */
	};
	rootObject = AA0000000000000PROJECT /* Project object */;
}
